
Microsoft Visual Studio Solution File, Format Version 12.00
# Visual Studio Version 17
VisualStudioVersion = 17.11.35327.3
MinimumVisualStudioVersion = 10.0.40219.1
Project("{9A19103F-16F7-4668-BE54-9A1E7A4F7556}") = "HouseReiting", "HouseReiting.csproj", "{453AA004-795A-460F-BE26-EF1F76119F4F}"
EndProject
Project("{FAE04EC0-301F-11D3-BF4B-00C04F79EFBC}") = "HouseReatingSystem.Core", "..\HouseReatingSystem.Core\HouseReatingSystem.Core.csproj", "{D7FA224E-E539-4172-BC46-95A4064510E2}"
EndProject
Project("{FAE04EC0-301F-11D3-BF4B-00C04F79EFBC}") = "HouseReatingSystem.Infrastructure", "..\HouseReatingSystem.Infrastructure\HouseReatingSystem.Infrastructure.csproj", "{2BB43223-3154-441E-B208-907BC7F602B7}"
EndProject
Global
	GlobalSection(SolutionConfigurationPlatforms) = preSolution
		Debug|Any CPU = Debug|Any CPU
		Release|Any CPU = Release|Any CPU
	EndGlobalSection
	GlobalSection(ProjectConfigurationPlatforms) = postSolution
		{453AA004-795A-460F-BE26-EF1F76119F4F}.Debug|Any CPU.ActiveCfg = Debug|Any CPU
		{453AA004-795A-460F-BE26-EF1F76119F4F}.Debug|Any CPU.Build.0 = Debug|Any CPU
		{453AA004-795A-460F-BE26-EF1F76119F4F}.Release|Any CPU.ActiveCfg = Release|Any CPU
		{453AA004-795A-460F-BE26-EF1F76119F4F}.Release|Any CPU.Build.0 = Release|Any CPU
		{D7FA224E-E539-4172-BC46-95A4064510E2}.Debug|Any CPU.ActiveCfg = Debug|Any CPU
		{D7FA224E-E539-4172-BC46-95A4064510E2}.Debug|Any CPU.Build.0 = Debug|Any CPU
		{D7FA224E-E539-4172-BC46-95A4064510E2}.Release|Any CPU.ActiveCfg = Release|Any CPU
		{D7FA224E-E539-4172-BC46-95A4064510E2}.Release|Any CPU.Build.0 = Release|Any CPU
		{2BB43223-3154-441E-B208-907BC7F602B7}.Debug|Any CPU.ActiveCfg = Debug|Any CPU
		{2BB43223-3154-441E-B208-907BC7F602B7}.Debug|Any CPU.Build.0 = Debug|Any CPU
		{2BB43223-3154-441E-B208-907BC7F602B7}.Release|Any CPU.ActiveCfg = Release|Any CPU
		{2BB43223-3154-441E-B208-907BC7F602B7}.Release|Any CPU.Build.0 = Release|Any CPU
	EndGlobalSection
	GlobalSection(SolutionProperties) = preSolution
		HideSolutionNode = FALSE
	EndGlobalSection
	GlobalSection(ExtensibilityGlobals) = postSolution
		SolutionGuid = {3CF5CC06-3642-4957-A9C7-108D56009AF5}
	EndGlobalSection
EndGlobal
